// !$*UTF8*$!
{
	archiveVersion = 1;
	classes = {
	};
	objectVersion = 55;
	objects = {

/* Begin PBXBuildFile section */
		063CE01012ACD32FB06299D3 /* Pods_ClimbingApp.framework in Frameworks */ = {isa = PBXBuildFile; fileRef = 437CF6DD55295B83D48A45AE /* Pods_ClimbingApp.framework */; };
		3043E852281834920003AD65 /* HomePager3ViewController.swift in Sources */ = {isa = PBXBuildFile; fileRef = 3043E851281834920003AD65 /* HomePager3ViewController.swift */; };
		3043E8542819905D0003AD65 /* HomePager4ViewController.swift in Sources */ = {isa = PBXBuildFile; fileRef = 3043E8532819905D0003AD65 /* HomePager4ViewController.swift */; };
		3043E856281B26CD0003AD65 /* HomePager5ViewController.swift in Sources */ = {isa = PBXBuildFile; fileRef = 3043E855281B26CD0003AD65 /* HomePager5ViewController.swift */; };
		30B2DF802810C92500365BDF /* HomePager1ViewController.swift in Sources */ = {isa = PBXBuildFile; fileRef = 30B2DF7F2810C92500365BDF /* HomePager1ViewController.swift */; };
		30B2DF822810C9C400365BDF /* HomePager2ViewController.swift in Sources */ = {isa = PBXBuildFile; fileRef = 30B2DF812810C9C400365BDF /* HomePager2ViewController.swift */; };
		30B2DF842813035E00365BDF /* iconTozanView.xib in Resources */ = {isa = PBXBuildFile; fileRef = 30B2DF832813035D00365BDF /* iconTozanView.xib */; };
		30B2DF86281303B700365BDF /* iconTozanXib.swift in Sources */ = {isa = PBXBuildFile; fileRef = 30B2DF85281303B700365BDF /* iconTozanXib.swift */; };
		30F8195A2805ADA60043215D /* AppDelegate.swift in Sources */ = {isa = PBXBuildFile; fileRef = 30F819592805ADA60043215D /* AppDelegate.swift */; };
		30F8195C2805ADA60043215D /* SceneDelegate.swift in Sources */ = {isa = PBXBuildFile; fileRef = 30F8195B2805ADA60043215D /* SceneDelegate.swift */; };
		30F8195E2805ADA60043215D /* ViewController.swift in Sources */ = {isa = PBXBuildFile; fileRef = 30F8195D2805ADA60043215D /* ViewController.swift */; };
		30F819612805ADA60043215D /* Main.storyboard in Resources */ = {isa = PBXBuildFile; fileRef = 30F8195F2805ADA60043215D /* Main.storyboard */; };
		30F819632805ADA70043215D /* Assets.xcassets in Resources */ = {isa = PBXBuildFile; fileRef = 30F819622805ADA70043215D /* Assets.xcassets */; };
		30F819662805ADA70043215D /* LaunchScreen.storyboard in Resources */ = {isa = PBXBuildFile; fileRef = 30F819642805ADA70043215D /* LaunchScreen.storyboard */; };
		30F819712805ADA70043215D /* ClimbingAppTests.swift in Sources */ = {isa = PBXBuildFile; fileRef = 30F819702805ADA70043215D /* ClimbingAppTests.swift */; };
		30F8197B2805ADA70043215D /* ClimbingAppUITests.swift in Sources */ = {isa = PBXBuildFile; fileRef = 30F8197A2805ADA70043215D /* ClimbingAppUITests.swift */; };
		30F8197D2805ADA70043215D /* ClimbingAppUITestsLaunchTests.swift in Sources */ = {isa = PBXBuildFile; fileRef = 30F8197C2805ADA70043215D /* ClimbingAppUITestsLaunchTests.swift */; };
		607C8DF61EC77C731DFE1548 /* Pods_ClimbingAppTests.framework in Frameworks */ = {isa = PBXBuildFile; fileRef = B68651F744FBF428AFC10462 /* Pods_ClimbingAppTests.framework */; };
		A9BB3CB562CC3C59BEC55B9A /* Pods_ClimbingApp_ClimbingAppUITests.framework in Frameworks */ = {isa = PBXBuildFile; fileRef = DED598DA57EB7BD54929FC09 /* Pods_ClimbingApp_ClimbingAppUITests.framework */; };
/* End PBXBuildFile section */

/* Begin PBXContainerItemProxy section */
		30F8196D2805ADA70043215D /* PBXContainerItemProxy */ = {
			isa = PBXContainerItemProxy;
			containerPortal = 30F8194E2805ADA60043215D /* Project object */;
			proxyType = 1;
			remoteGlobalIDString = 30F819552805ADA60043215D;
			remoteInfo = ClimbingApp;
		};
		30F819772805ADA70043215D /* PBXContainerItemProxy */ = {
			isa = PBXContainerItemProxy;
			containerPortal = 30F8194E2805ADA60043215D /* Project object */;
			proxyType = 1;
			remoteGlobalIDString = 30F819552805ADA60043215D;
			remoteInfo = ClimbingApp;
		};
/* End PBXContainerItemProxy section */

/* Begin PBXFileReference section */
		2CE375AAE67BD84C760E0B16 /* Pods-ClimbingApp.debug.xcconfig */ = {isa = PBXFileReference; includeInIndex = 1; lastKnownFileType = text.xcconfig; name = "Pods-ClimbingApp.debug.xcconfig"; path = "Target Support Files/Pods-ClimbingApp/Pods-ClimbingApp.debug.xcconfig"; sourceTree = "<group>"; };
		2D354DB499BE56C75DA7DE69 /* Pods-ClimbingAppTests.release.xcconfig */ = {isa = PBXFileReference; includeInIndex = 1; lastKnownFileType = text.xcconfig; name = "Pods-ClimbingAppTests.release.xcconfig"; path = "Target Support Files/Pods-ClimbingAppTests/Pods-ClimbingAppTests.release.xcconfig"; sourceTree = "<group>"; };
		3043E851281834920003AD65 /* HomePager3ViewController.swift */ = {isa = PBXFileReference; lastKnownFileType = sourcecode.swift; path = HomePager3ViewController.swift; sourceTree = "<group>"; };
		3043E8532819905D0003AD65 /* HomePager4ViewController.swift */ = {isa = PBXFileReference; lastKnownFileType = sourcecode.swift; path = HomePager4ViewController.swift; sourceTree = "<group>"; };
		3043E855281B26CD0003AD65 /* HomePager5ViewController.swift */ = {isa = PBXFileReference; lastKnownFileType = sourcecode.swift; path = HomePager5ViewController.swift; sourceTree = "<group>"; };
		3043E870282155D30003AD65 /* ClimbingApp copy-Info.plist */ = {isa = PBXFileReference; lastKnownFileType = text.plist.xml; name = "ClimbingApp copy-Info.plist"; path = "/Users/taiga/ios_app/ClimbingApp/ClimbingApp copy-Info.plist"; sourceTree = "<absolute>"; };
		3043E889282155F50003AD65 /* ClimbingApp copy2-Info.plist */ = {isa = PBXFileReference; lastKnownFileType = text.plist.xml; name = "ClimbingApp copy2-Info.plist"; path = "/Users/taiga/ios_app/ClimbingApp/ClimbingApp copy2-Info.plist"; sourceTree = "<absolute>"; };
		30B2DF7F2810C92500365BDF /* HomePager1ViewController.swift */ = {isa = PBXFileReference; lastKnownFileType = sourcecode.swift; path = HomePager1ViewController.swift; sourceTree = "<group>"; };
		30B2DF812810C9C400365BDF /* HomePager2ViewController.swift */ = {isa = PBXFileReference; lastKnownFileType = sourcecode.swift; path = HomePager2ViewController.swift; sourceTree = "<group>"; };
		30B2DF832813035D00365BDF /* iconTozanView.xib */ = {isa = PBXFileReference; lastKnownFileType = file.xib; path = iconTozanView.xib; sourceTree = "<group>"; };
		30B2DF85281303B700365BDF /* iconTozanXib.swift */ = {isa = PBXFileReference; lastKnownFileType = sourcecode.swift; path = iconTozanXib.swift; sourceTree = "<group>"; };
		30F819562805ADA60043215D /* ClimbingApp.app */ = {isa = PBXFileReference; explicitFileType = wrapper.application; includeInIndex = 0; path = ClimbingApp.app; sourceTree = BUILT_PRODUCTS_DIR; };
		30F819592805ADA60043215D /* AppDelegate.swift */ = {isa = PBXFileReference; lastKnownFileType = sourcecode.swift; path = AppDelegate.swift; sourceTree = "<group>"; };
		30F8195B2805ADA60043215D /* SceneDelegate.swift */ = {isa = PBXFileReference; lastKnownFileType = sourcecode.swift; path = SceneDelegate.swift; sourceTree = "<group>"; };
		30F8195D2805ADA60043215D /* ViewController.swift */ = {isa = PBXFileReference; lastKnownFileType = sourcecode.swift; path = ViewController.swift; sourceTree = "<group>"; };
		30F819602805ADA60043215D /* Base */ = {isa = PBXFileReference; lastKnownFileType = file.storyboard; name = Base; path = Base.lproj/Main.storyboard; sourceTree = "<group>"; };
		30F819622805ADA70043215D /* Assets.xcassets */ = {isa = PBXFileReference; lastKnownFileType = folder.assetcatalog; path = Assets.xcassets; sourceTree = "<group>"; };
		30F819652805ADA70043215D /* Base */ = {isa = PBXFileReference; lastKnownFileType = file.storyboard; name = Base; path = Base.lproj/LaunchScreen.storyboard; sourceTree = "<group>"; };
		30F819672805ADA70043215D /* Info.plist */ = {isa = PBXFileReference; lastKnownFileType = text.plist.xml; path = Info.plist; sourceTree = "<group>"; };
		30F8196C2805ADA70043215D /* ClimbingAppTests.xctest */ = {isa = PBXFileReference; explicitFileType = wrapper.cfbundle; includeInIndex = 0; path = ClimbingAppTests.xctest; sourceTree = BUILT_PRODUCTS_DIR; };
		30F819702805ADA70043215D /* ClimbingAppTests.swift */ = {isa = PBXFileReference; lastKnownFileType = sourcecode.swift; path = ClimbingAppTests.swift; sourceTree = "<group>"; };
		30F819762805ADA70043215D /* ClimbingAppUITests.xctest */ = {isa = PBXFileReference; explicitFileType = wrapper.cfbundle; includeInIndex = 0; path = ClimbingAppUITests.xctest; sourceTree = BUILT_PRODUCTS_DIR; };
		30F8197A2805ADA70043215D /* ClimbingAppUITests.swift */ = {isa = PBXFileReference; lastKnownFileType = sourcecode.swift; path = ClimbingAppUITests.swift; sourceTree = "<group>"; };
		30F8197C2805ADA70043215D /* ClimbingAppUITestsLaunchTests.swift */ = {isa = PBXFileReference; lastKnownFileType = sourcecode.swift; path = ClimbingAppUITestsLaunchTests.swift; sourceTree = "<group>"; };
		35AFB2EC31E1365C6DDA4DBD /* Pods-ClimbingApp-ClimbingAppUITests.debug.xcconfig */ = {isa = PBXFileReference; includeInIndex = 1; lastKnownFileType = text.xcconfig; name = "Pods-ClimbingApp-ClimbingAppUITests.debug.xcconfig"; path = "Target Support Files/Pods-ClimbingApp-ClimbingAppUITests/Pods-ClimbingApp-ClimbingAppUITests.debug.xcconfig"; sourceTree = "<group>"; };
		437CF6DD55295B83D48A45AE /* Pods_ClimbingApp.framework */ = {isa = PBXFileReference; explicitFileType = wrapper.framework; includeInIndex = 0; path = Pods_ClimbingApp.framework; sourceTree = BUILT_PRODUCTS_DIR; };
		B68651F744FBF428AFC10462 /* Pods_ClimbingAppTests.framework */ = {isa = PBXFileReference; explicitFileType = wrapper.framework; includeInIndex = 0; path = Pods_ClimbingAppTests.framework; sourceTree = BUILT_PRODUCTS_DIR; };
		B95D2DC1EA9B19EB5ED372DD /* Pods-ClimbingAppTests.debug.xcconfig */ = {isa = PBXFileReference; includeInIndex = 1; lastKnownFileType = text.xcconfig; name = "Pods-ClimbingAppTests.debug.xcconfig"; path = "Target Support Files/Pods-ClimbingAppTests/Pods-ClimbingAppTests.debug.xcconfig"; sourceTree = "<group>"; };
		BAECBD271A62DE9E530B0206 /* Pods-ClimbingApp-ClimbingAppUITests.release.xcconfig */ = {isa = PBXFileReference; includeInIndex = 1; lastKnownFileType = text.xcconfig; name = "Pods-ClimbingApp-ClimbingAppUITests.release.xcconfig"; path = "Target Support Files/Pods-ClimbingApp-ClimbingAppUITests/Pods-ClimbingApp-ClimbingAppUITests.release.xcconfig"; sourceTree = "<group>"; };
		DED598DA57EB7BD54929FC09 /* Pods_ClimbingApp_ClimbingAppUITests.framework */ = {isa = PBXFileReference; explicitFileType = wrapper.framework; includeInIndex = 0; path = Pods_ClimbingApp_ClimbingAppUITests.framework; sourceTree = BUILT_PRODUCTS_DIR; };
		F48BC29EF8653A6A0279CFD7 /* Pods-ClimbingApp.release.xcconfig */ = {isa = PBXFileReference; includeInIndex = 1; lastKnownFileType = text.xcconfig; name = "Pods-ClimbingApp.release.xcconfig"; path = "Target Support Files/Pods-ClimbingApp/Pods-ClimbingApp.release.xcconfig"; sourceTree = "<group>"; };
/* End PBXFileReference section */

/* Begin PBXFrameworksBuildPhase section */
		30F819532805ADA60043215D /* Frameworks */ = {
			isa = PBXFrameworksBuildPhase;
			buildActionMask = 2147483647;
			files = (
				063CE01012ACD32FB06299D3 /* Pods_ClimbingApp.framework in Frameworks */,
			);
			runOnlyForDeploymentPostprocessing = 0;
		};
		30F819692805ADA70043215D /* Frameworks */ = {
			isa = PBXFrameworksBuildPhase;
			buildActionMask = 2147483647;
			files = (
				607C8DF61EC77C731DFE1548 /* Pods_ClimbingAppTests.framework in Frameworks */,
			);
			runOnlyForDeploymentPostprocessing = 0;
		};
		30F819732805ADA70043215D /* Frameworks */ = {
			isa = PBXFrameworksBuildPhase;
			buildActionMask = 2147483647;
			files = (
				A9BB3CB562CC3C59BEC55B9A /* Pods_ClimbingApp_ClimbingAppUITests.framework in Frameworks */,
			);
			runOnlyForDeploymentPostprocessing = 0;
		};
/* End PBXFrameworksBuildPhase section */

/* Begin PBXGroup section */
		3043E8572821539E0003AD65 /* Views */ = {
			isa = PBXGroup;
			children = (
				30F8195F2805ADA60043215D /* Main.storyboard */,
			);
			path = Views;
			sourceTree = "<group>";
		};
		3043E89028295E970003AD65 /* Classes */ = {
			isa = PBXGroup;
			children = (
				3043E8572821539E0003AD65 /* Views */,
				3043E89128295EB70003AD65 /* Controllers */,
			);
			path = Classes;
			sourceTree = "<group>";
		};
		3043E89128295EB70003AD65 /* Controllers */ = {
			isa = PBXGroup;
			children = (
			);
			path = Controllers;
			sourceTree = "<group>";
		};
		30F8194D2805ADA60043215D = {
			isa = PBXGroup;
			children = (
				30F819582805ADA60043215D /* ClimbingApp */,
				30F8196F2805ADA70043215D /* ClimbingAppTests */,
				30F819792805ADA70043215D /* ClimbingAppUITests */,
				30F819572805ADA60043215D /* Products */,
				D79DC55B241CC8712C451C87 /* Pods */,
				F9E5347CBF08329134B9C9CC /* Frameworks */,
				3043E870282155D30003AD65 /* ClimbingApp copy-Info.plist */,
				3043E889282155F50003AD65 /* ClimbingApp copy2-Info.plist */,
			);
			sourceTree = "<group>";
		};
		30F819572805ADA60043215D /* Products */ = {
			isa = PBXGroup;
			children = (
				30F819562805ADA60043215D /* ClimbingApp.app */,
				30F8196C2805ADA70043215D /* ClimbingAppTests.xctest */,
				30F819762805ADA70043215D /* ClimbingAppUITests.xctest */,
			);
			name = Products;
			sourceTree = "<group>";
		};
		30F819582805ADA60043215D /* ClimbingApp */ = {
			isa = PBXGroup;
			children = (
				3043E89028295E970003AD65 /* Classes */,
				30F819592805ADA60043215D /* AppDelegate.swift */,
				30F8195B2805ADA60043215D /* SceneDelegate.swift */,
				30F8195D2805ADA60043215D /* ViewController.swift */,
				30B2DF832813035D00365BDF /* iconTozanView.xib */,
				30B2DF85281303B700365BDF /* iconTozanXib.swift */,
				30F819622805ADA70043215D /* Assets.xcassets */,
				30F819642805ADA70043215D /* LaunchScreen.storyboard */,
				30F819672805ADA70043215D /* Info.plist */,
				30B2DF7F2810C92500365BDF /* HomePager1ViewController.swift */,
				30B2DF812810C9C400365BDF /* HomePager2ViewController.swift */,
				3043E851281834920003AD65 /* HomePager3ViewController.swift */,
				3043E8532819905D0003AD65 /* HomePager4ViewController.swift */,
				3043E855281B26CD0003AD65 /* HomePager5ViewController.swift */,
			);
			path = ClimbingApp;
			sourceTree = "<group>";
		};
		30F8196F2805ADA70043215D /* ClimbingAppTests */ = {
			isa = PBXGroup;
			children = (
				30F819702805ADA70043215D /* ClimbingAppTests.swift */,
			);
			path = ClimbingAppTests;
			sourceTree = "<group>";
		};
		30F819792805ADA70043215D /* ClimbingAppUITests */ = {
			isa = PBXGroup;
			children = (
				30F8197A2805ADA70043215D /* ClimbingAppUITests.swift */,
				30F8197C2805ADA70043215D /* ClimbingAppUITestsLaunchTests.swift */,
			);
			path = ClimbingAppUITests;
			sourceTree = "<group>";
		};
		D79DC55B241CC8712C451C87 /* Pods */ = {
			isa = PBXGroup;
			children = (
				2CE375AAE67BD84C760E0B16 /* Pods-ClimbingApp.debug.xcconfig */,
				F48BC29EF8653A6A0279CFD7 /* Pods-ClimbingApp.release.xcconfig */,
				35AFB2EC31E1365C6DDA4DBD /* Pods-ClimbingApp-ClimbingAppUITests.debug.xcconfig */,
				BAECBD271A62DE9E530B0206 /* Pods-ClimbingApp-ClimbingAppUITests.release.xcconfig */,
				B95D2DC1EA9B19EB5ED372DD /* Pods-ClimbingAppTests.debug.xcconfig */,
				2D354DB499BE56C75DA7DE69 /* Pods-ClimbingAppTests.release.xcconfig */,
			);
			path = Pods;
			sourceTree = "<group>";
		};
		F9E5347CBF08329134B9C9CC /* Frameworks */ = {
			isa = PBXGroup;
			children = (
				437CF6DD55295B83D48A45AE /* Pods_ClimbingApp.framework */,
				DED598DA57EB7BD54929FC09 /* Pods_ClimbingApp_ClimbingAppUITests.framework */,
				B68651F744FBF428AFC10462 /* Pods_ClimbingAppTests.framework */,
			);
			name = Frameworks;
			sourceTree = "<group>";
		};
/* End PBXGroup section */

/* Begin PBXNativeTarget section */
		30F819552805ADA60043215D /* ClimbingApp */ = {
			isa = PBXNativeTarget;
			buildConfigurationList = 30F819802805ADA70043215D /* Build configuration list for PBXNativeTarget "ClimbingApp" */;
			buildPhases = (
				83F6A97BC6F02BC713E5925A /* [CP] Check Pods Manifest.lock */,
				30F819522805ADA60043215D /* Sources */,
				30F819532805ADA60043215D /* Frameworks */,
				30F819542805ADA60043215D /* Resources */,
				7342009A593576AE7E776386 /* [CP] Embed Pods Frameworks */,
			);
			buildRules = (
			);
			dependencies = (
			);
			name = ClimbingApp;
			productName = ClimbingApp;
			productReference = 30F819562805ADA60043215D /* ClimbingApp.app */;
			productType = "com.apple.product-type.application";
		};
		30F8196B2805ADA70043215D /* ClimbingAppTests */ = {
			isa = PBXNativeTarget;
			buildConfigurationList = 30F819832805ADA70043215D /* Build configuration list for PBXNativeTarget "ClimbingAppTests" */;
			buildPhases = (
				76146739BD7C2F6308076231 /* [CP] Check Pods Manifest.lock */,
				30F819682805ADA70043215D /* Sources */,
				30F819692805ADA70043215D /* Frameworks */,
				30F8196A2805ADA70043215D /* Resources */,
			);
			buildRules = (
			);
			dependencies = (
				30F8196E2805ADA70043215D /* PBXTargetDependency */,
			);
			name = ClimbingAppTests;
			productName = ClimbingAppTests;
			productReference = 30F8196C2805ADA70043215D /* ClimbingAppTests.xctest */;
			productType = "com.apple.product-type.bundle.unit-test";
		};
		30F819752805ADA70043215D /* ClimbingAppUITests */ = {
			isa = PBXNativeTarget;
			buildConfigurationList = 30F819862805ADA70043215D /* Build configuration list for PBXNativeTarget "ClimbingAppUITests" */;
			buildPhases = (
				5CAF9E6A3D76BDBF15268EA9 /* [CP] Check Pods Manifest.lock */,
				30F819722805ADA70043215D /* Sources */,
				30F819732805ADA70043215D /* Frameworks */,
				30F819742805ADA70043215D /* Resources */,
				C006458DC83023355A964D75 /* [CP] Embed Pods Frameworks */,
			);
			buildRules = (
			);
			dependencies = (
				30F819782805ADA70043215D /* PBXTargetDependency */,
			);
			name = ClimbingAppUITests;
			productName = ClimbingAppUITests;
			productReference = 30F819762805ADA70043215D /* ClimbingAppUITests.xctest */;
			productType = "com.apple.product-type.bundle.ui-testing";
		};
/* End PBXNativeTarget section */

/* Begin PBXProject section */
		30F8194E2805ADA60043215D /* Project object */ = {
			isa = PBXProject;
			attributes = {
				BuildIndependentTargetsInParallel = 1;
				LastSwiftUpdateCheck = 1300;
				LastUpgradeCheck = 1300;
				TargetAttributes = {
					30F819552805ADA60043215D = {
						CreatedOnToolsVersion = 13.0;
					};
					30F8196B2805ADA70043215D = {
						CreatedOnToolsVersion = 13.0;
						TestTargetID = 30F819552805ADA60043215D;
					};
					30F819752805ADA70043215D = {
						CreatedOnToolsVersion = 13.0;
						TestTargetID = 30F819552805ADA60043215D;
					};
				};
			};
			buildConfigurationList = 30F819512805ADA60043215D /* Build configuration list for PBXProject "ClimbingApp" */;
			compatibilityVersion = "Xcode 13.0";
			developmentRegion = en;
			hasScannedForEncodings = 0;
			knownRegions = (
				en,
				Base,
			);
			mainGroup = 30F8194D2805ADA60043215D;
			productRefGroup = 30F819572805ADA60043215D /* Products */;
			projectDirPath = "";
			projectRoot = "";
			targets = (
				30F819552805ADA60043215D /* ClimbingApp */,
				30F8196B2805ADA70043215D /* ClimbingAppTests */,
				30F819752805ADA70043215D /* ClimbingAppUITests */,
			);
		};
/* End PBXProject section */

/* Begin PBXResourcesBuildPhase section */
		30F819542805ADA60043215D /* Resources */ = {
			isa = PBXResourcesBuildPhase;
			buildActionMask = 2147483647;
			files = (
				30F819662805ADA70043215D /* LaunchScreen.storyboard in Resources */,
				30F819632805ADA70043215D /* Assets.xcassets in Resources */,
				30B2DF842813035E00365BDF /* iconTozanView.xib in Resources */,
				30F819612805ADA60043215D /* Main.storyboard in Resources */,
			);
			runOnlyForDeploymentPostprocessing = 0;
		};
		30F8196A2805ADA70043215D /* Resources */ = {
			isa = PBXResourcesBuildPhase;
			buildActionMask = 2147483647;
			files = (
			);
			runOnlyForDeploymentPostprocessing = 0;
		};
		30F819742805ADA70043215D /* Resources */ = {
			isa = PBXResourcesBuildPhase;
			buildActionMask = 2147483647;
			files = (
			);
			runOnlyForDeploymentPostprocessing = 0;
		};
/* End PBXResourcesBuildPhase section */

/* Begin PBXShellScriptBuildPhase section */
		5CAF9E6A3D76BDBF15268EA9 /* [CP] Check Pods Manifest.lock */ = {
			isa = PBXShellScriptBuildPhase;
			buildActionMask = 2147483647;
			files = (
			);
			inputFileListPaths = (
			);
			inputPaths = (
				"${PODS_PODFILE_DIR_PATH}/Podfile.lock",
				"${PODS_ROOT}/Manifest.lock",
			);
			name = "[CP] Check Pods Manifest.lock";
			outputFileListPaths = (
			);
			outputPaths = (
				"$(DERIVED_FILE_DIR)/Pods-ClimbingApp-ClimbingAppUITests-checkManifestLockResult.txt",
			);
			runOnlyForDeploymentPostprocessing = 0;
			shellPath = /bin/sh;
			shellScript = "diff \"${PODS_PODFILE_DIR_PATH}/Podfile.lock\" \"${PODS_ROOT}/Manifest.lock\" > /dev/null\nif [ $? != 0 ] ; then\n    # print error to STDERR\n    echo \"error: The sandbox is not in sync with the Podfile.lock. Run 'pod install' or update your CocoaPods installation.\" >&2\n    exit 1\nfi\n# This output is used by Xcode 'outputs' to avoid re-running this script phase.\necho \"SUCCESS\" > \"${SCRIPT_OUTPUT_FILE_0}\"\n";
			showEnvVarsInLog = 0;
		};
		7342009A593576AE7E776386 /* [CP] Embed Pods Frameworks */ = {
			isa = PBXShellScriptBuildPhase;
			buildActionMask = 2147483647;
			files = (
			);
			inputFileListPaths = (
				"${PODS_ROOT}/Target Support Files/Pods-ClimbingApp/Pods-ClimbingApp-frameworks-${CONFIGURATION}-input-files.xcfilelist",
			);
			name = "[CP] Embed Pods Frameworks";
			outputFileListPaths = (
				"${PODS_ROOT}/Target Support Files/Pods-ClimbingApp/Pods-ClimbingApp-frameworks-${CONFIGURATION}-output-files.xcfilelist",
			);
			runOnlyForDeploymentPostprocessing = 0;
			shellPath = /bin/sh;
			shellScript = "\"${PODS_ROOT}/Target Support Files/Pods-ClimbingApp/Pods-ClimbingApp-frameworks.sh\"\n";
			showEnvVarsInLog = 0;
		};
		76146739BD7C2F6308076231 /* [CP] Check Pods Manifest.lock */ = {
			isa = PBXShellScriptBuildPhase;
			buildActionMask = 2147483647;
			files = (
			);
			inputFileListPaths = (
			);
			inputPaths = (
				"${PODS_PODFILE_DIR_PATH}/Podfile.lock",
				"${PODS_ROOT}/Manifest.lock",
			);
			name = "[CP] Check Pods Manifest.lock";
			outputFileListPaths = (
			);
			outputPaths = (
				"$(DERIVED_FILE_DIR)/Pods-ClimbingAppTests-checkManifestLockResult.txt",
			);
			runOnlyForDeploymentPostprocessing = 0;
			shellPath = /bin/sh;
			shellScript = "diff \"${PODS_PODFILE_DIR_PATH}/Podfile.lock\" \"${PODS_ROOT}/Manifest.lock\" > /dev/null\nif [ $? != 0 ] ; then\n    # print error to STDERR\n    echo \"error: The sandbox is not in sync with the Podfile.lock. Run 'pod install' or update your CocoaPods installation.\" >&2\n    exit 1\nfi\n# This output is used by Xcode 'outputs' to avoid re-running this script phase.\necho \"SUCCESS\" > \"${SCRIPT_OUTPUT_FILE_0}\"\n";
			showEnvVarsInLog = 0;
		};
		83F6A97BC6F02BC713E5925A /* [CP] Check Pods Manifest.lock */ = {
			isa = PBXShellScriptBuildPhase;
			buildActionMask = 2147483647;
			files = (
			);
			inputFileListPaths = (
			);
			inputPaths = (
				"${PODS_PODFILE_DIR_PATH}/Podfile.lock",
				"${PODS_ROOT}/Manifest.lock",
			);
			name = "[CP] Check Pods Manifest.lock";
			outputFileListPaths = (
			);
			outputPaths = (
				"$(DERIVED_FILE_DIR)/Pods-ClimbingApp-checkManifestLockResult.txt",
			);
			runOnlyForDeploymentPostprocessing = 0;
			shellPath = /bin/sh;
			shellScript = "diff \"${PODS_PODFILE_DIR_PATH}/Podfile.lock\" \"${PODS_ROOT}/Manifest.lock\" > /dev/null\nif [ $? != 0 ] ; then\n    # print error to STDERR\n    echo \"error: The sandbox is not in sync with the Podfile.lock. Run 'pod install' or update your CocoaPods installation.\" >&2\n    exit 1\nfi\n# This output is used by Xcode 'outputs' to avoid re-running this script phase.\necho \"SUCCESS\" > \"${SCRIPT_OUTPUT_FILE_0}\"\n";
			showEnvVarsInLog = 0;
		};
		C006458DC83023355A964D75 /* [CP] Embed Pods Frameworks */ = {
			isa = PBXShellScriptBuildPhase;
			buildActionMask = 2147483647;
			files = (
			);
			inputFileListPaths = (
				"${PODS_ROOT}/Target Support Files/Pods-ClimbingApp-ClimbingAppUITests/Pods-ClimbingApp-ClimbingAppUITests-frameworks-${CONFIGURATION}-input-files.xcfilelist",
			);
			name = "[CP] Embed Pods Frameworks";
			outputFileListPaths = (
				"${PODS_ROOT}/Target Support Files/Pods-ClimbingApp-ClimbingAppUITests/Pods-ClimbingApp-ClimbingAppUITests-frameworks-${CONFIGURATION}-output-files.xcfilelist",
			);
			runOnlyForDeploymentPostprocessing = 0;
			shellPath = /bin/sh;
			shellScript = "\"${PODS_ROOT}/Target Support Files/Pods-ClimbingApp-ClimbingAppUITests/Pods-ClimbingApp-ClimbingAppUITests-frameworks.sh\"\n";
			showEnvVarsInLog = 0;
		};
/* End PBXShellScriptBuildPhase section */

/* Begin PBXSourcesBuildPhase section */
		30F819522805ADA60043215D /* Sources */ = {
			isa = PBXSourcesBuildPhase;
			buildActionMask = 2147483647;
			files = (
				30F8195E2805ADA60043215D /* ViewController.swift in Sources */,
				30B2DF802810C92500365BDF /* HomePager1ViewController.swift in Sources */,
				3043E852281834920003AD65 /* HomePager3ViewController.swift in Sources */,
				30B2DF822810C9C400365BDF /* HomePager2ViewController.swift in Sources */,
				3043E8542819905D0003AD65 /* HomePager4ViewController.swift in Sources */,
				30B2DF86281303B700365BDF /* iconTozanXib.swift in Sources */,
				30F8195A2805ADA60043215D /* AppDelegate.swift in Sources */,
				30F8195C2805ADA60043215D /* SceneDelegate.swift in Sources */,
				3043E856281B26CD0003AD65 /* HomePager5ViewController.swift in Sources */,
			);
			runOnlyForDeploymentPostprocessing = 0;
		};
		30F819682805ADA70043215D /* Sources */ = {
			isa = PBXSourcesBuildPhase;
			buildActionMask = 2147483647;
			files = (
				30F819712805ADA70043215D /* ClimbingAppTests.swift in Sources */,
			);
			runOnlyForDeploymentPostprocessing = 0;
		};
		30F819722805ADA70043215D /* Sources */ = {
			isa = PBXSourcesBuildPhase;
			buildActionMask = 2147483647;
			files = (
				30F8197B2805ADA70043215D /* ClimbingAppUITests.swift in Sources */,
				30F8197D2805ADA70043215D /* ClimbingAppUITestsLaunchTests.swift in Sources */,
			);
			runOnlyForDeploymentPostprocessing = 0;
		};
/* End PBXSourcesBuildPhase section */

/* Begin PBXTargetDependency section */
		30F8196E2805ADA70043215D /* PBXTargetDependency */ = {
			isa = PBXTargetDependency;
			target = 30F819552805ADA60043215D /* ClimbingApp */;
			targetProxy = 30F8196D2805ADA70043215D /* PBXContainerItemProxy */;
		};
		30F819782805ADA70043215D /* PBXTargetDependency */ = {
			isa = PBXTargetDependency;
			target = 30F819552805ADA60043215D /* ClimbingApp */;
			targetProxy = 30F819772805ADA70043215D /* PBXContainerItemProxy */;
		};
/* End PBXTargetDependency section */

/* Begin PBXVariantGroup section */
		30F8195F2805ADA60043215D /* Main.storyboard */ = {
			isa = PBXVariantGroup;
			children = (
				30F819602805ADA60043215D /* Base */,
			);
			name = Main.storyboard;
			sourceTree = "<group>";
		};
		30F819642805ADA70043215D /* LaunchScreen.storyboard */ = {
			isa = PBXVariantGroup;
			children = (
				30F819652805ADA70043215D /* Base */,
			);
			name = LaunchScreen.storyboard;
			sourceTree = "<group>";
		};
/* End PBXVariantGroup section */

/* Begin XCBuildConfiguration section */
		3043E88A282156E50003AD65 /* Staging */ = {
			isa = XCBuildConfiguration;
			buildSettings = {
				ALWAYS_SEARCH_USER_PATHS = NO;
				CLANG_ANALYZER_NONNULL = YES;
				CLANG_ANALYZER_NUMBER_OBJECT_CONVERSION = YES_AGGRESSIVE;
				CLANG_CXX_LANGUAGE_STANDARD = "gnu++17";
				CLANG_CXX_LIBRARY = "libc++";
				CLANG_ENABLE_MODULES = YES;
				CLANG_ENABLE_OBJC_ARC = YES;
				CLANG_ENABLE_OBJC_WEAK = YES;
				CLANG_WARN_BLOCK_CAPTURE_AUTORELEASING = YES;
				CLANG_WARN_BOOL_CONVERSION = YES;
				CLANG_WARN_COMMA = YES;
				CLANG_WARN_CONSTANT_CONVERSION = YES;
				CLANG_WARN_DEPRECATED_OBJC_IMPLEMENTATIONS = YES;
				CLANG_WARN_DIRECT_OBJC_ISA_USAGE = YES_ERROR;
				CLANG_WARN_DOCUMENTATION_COMMENTS = YES;
				CLANG_WARN_EMPTY_BODY = YES;
				CLANG_WARN_ENUM_CONVERSION = YES;
				CLANG_WARN_INFINITE_RECURSION = YES;
				CLANG_WARN_INT_CONVERSION = YES;
				CLANG_WARN_NON_LITERAL_NULL_CONVERSION = YES;
				CLANG_WARN_OBJC_IMPLICIT_RETAIN_SELF = YES;
				CLANG_WARN_OBJC_LITERAL_CONVERSION = YES;
				CLANG_WARN_OBJC_ROOT_CLASS = YES_ERROR;
				CLANG_WARN_QUOTED_INCLUDE_IN_FRAMEWORK_HEADER = YES;
				CLANG_WARN_RANGE_LOOP_ANALYSIS = YES;
				CLANG_WARN_STRICT_PROTOTYPES = YES;
				CLANG_WARN_SUSPICIOUS_MOVE = YES;
				CLANG_WARN_UNGUARDED_AVAILABILITY = YES_AGGRESSIVE;
				CLANG_WARN_UNREACHABLE_CODE = YES;
				CLANG_WARN__DUPLICATE_METHOD_MATCH = YES;
				COPY_PHASE_STRIP = NO;
				DEBUG_INFORMATION_FORMAT = dwarf;
				ENABLE_STRICT_OBJC_MSGSEND = YES;
				ENABLE_TESTABILITY = YES;
				GCC_C_LANGUAGE_STANDARD = gnu11;
				GCC_DYNAMIC_NO_PIC = NO;
				GCC_NO_COMMON_BLOCKS = YES;
				GCC_OPTIMIZATION_LEVEL = 0;
				GCC_PREPROCESSOR_DEFINITIONS = (
					"DEBUG=1",
					"$(inherited)",
				);
				GCC_WARN_64_TO_32_BIT_CONVERSION = YES;
				GCC_WARN_ABOUT_RETURN_TYPE = YES_ERROR;
				GCC_WARN_UNDECLARED_SELECTOR = YES;
				GCC_WARN_UNINITIALIZED_AUTOS = YES_AGGRESSIVE;
				GCC_WARN_UNUSED_FUNCTION = YES;
				GCC_WARN_UNUSED_VARIABLE = YES;
				IPHONEOS_DEPLOYMENT_TARGET = 15.0;
				MTL_ENABLE_DEBUG_INFO = INCLUDE_SOURCE;
				MTL_FAST_MATH = YES;
				ONLY_ACTIVE_ARCH = YES;
				SDKROOT = iphoneos;
				SWIFT_ACTIVE_COMPILATION_CONDITIONS = DEBUG;
				SWIFT_OPTIMIZATION_LEVEL = "-Onone";
			};
			name = Staging;
		};
		3043E88B282156E50003AD65 /* Staging */ = {
			isa = XCBuildConfiguration;
			baseConfigurationReference = 2CE375AAE67BD84C760E0B16 /* Pods-ClimbingApp.debug.xcconfig */;
			buildSettings = {
				ASSETCATALOG_COMPILER_APPICON_NAME = AppIcon;
				ASSETCATALOG_COMPILER_GLOBAL_ACCENT_COLOR_NAME = AccentColor;
				CODE_SIGN_STYLE = Automatic;
				CURRENT_PROJECT_VERSION = 1;
				DEVELOPMENT_TEAM = R35W7Z22BV;
				GENERATE_INFOPLIST_FILE = YES;
				INFOPLIST_FILE = ClimbingApp/Info.plist;
				INFOPLIST_KEY_UIApplicationSupportsIndirectInputEvents = YES;
				INFOPLIST_KEY_UILaunchStoryboardName = LaunchScreen;
				INFOPLIST_KEY_UIMainStoryboardFile = Main;
				INFOPLIST_KEY_UISupportedInterfaceOrientations_iPad = "UIInterfaceOrientationPortrait UIInterfaceOrientationPortraitUpsideDown UIInterfaceOrientationLandscapeLeft UIInterfaceOrientationLandscapeRight";
				INFOPLIST_KEY_UISupportedInterfaceOrientations_iPhone = "UIInterfaceOrientationPortrait UIInterfaceOrientationLandscapeLeft UIInterfaceOrientationLandscapeRight";
				LD_RUNPATH_SEARCH_PATHS = (
					"$(inherited)",
					"@executable_path/Frameworks",
				);
				MARKETING_VERSION = 1.0;
				PRODUCT_BUNDLE_IDENTIFIER = com.taiga.ClimbingApp;
				PRODUCT_NAME = "$(TARGET_NAME)";
				SWIFT_EMIT_LOC_STRINGS = YES;
				SWIFT_VERSION = 5.0;
				TARGETED_DEVICE_FAMILY = "1,2";
			};
			name = Staging;
		};
		3043E88C282156E50003AD65 /* Staging */ = {
			isa = XCBuildConfiguration;
			baseConfigurationReference = B95D2DC1EA9B19EB5ED372DD /* Pods-ClimbingAppTests.debug.xcconfig */;
			buildSettings = {
				ALWAYS_EMBED_SWIFT_STANDARD_LIBRARIES = YES;
				BUNDLE_LOADER = "$(TEST_HOST)";
				CODE_SIGN_STYLE = Automatic;
				CURRENT_PROJECT_VERSION = 1;
				DEVELOPMENT_TEAM = R35W7Z22BV;
				GENERATE_INFOPLIST_FILE = YES;
				IPHONEOS_DEPLOYMENT_TARGET = 15.0;
				LD_RUNPATH_SEARCH_PATHS = (
					"$(inherited)",
					"@executable_path/Frameworks",
					"@loader_path/Frameworks",
				);
				MARKETING_VERSION = 1.0;
				PRODUCT_BUNDLE_IDENTIFIER = com.taiga.ClimbingAppTests;
				PRODUCT_NAME = "$(TARGET_NAME)";
				SWIFT_EMIT_LOC_STRINGS = NO;
				SWIFT_VERSION = 5.0;
				TARGETED_DEVICE_FAMILY = "1,2";
				TEST_HOST = "$(BUILT_PRODUCTS_DIR)/ClimbingApp.app/ClimbingApp";
			};
			name = Staging;
		};
		3043E88D282156E50003AD65 /* Staging */ = {
			isa = XCBuildConfiguration;
			baseConfigurationReference = 35AFB2EC31E1365C6DDA4DBD /* Pods-ClimbingApp-ClimbingAppUITests.debug.xcconfig */;
			buildSettings = {
				ALWAYS_EMBED_SWIFT_STANDARD_LIBRARIES = YES;
				CODE_SIGN_STYLE = Automatic;
				CURRENT_PROJECT_VERSION = 1;
				DEVELOPMENT_TEAM = R35W7Z22BV;
				GENERATE_INFOPLIST_FILE = YES;
				LD_RUNPATH_SEARCH_PATHS = (
					"$(inherited)",
					"@executable_path/Frameworks",
					"@loader_path/Frameworks",
				);
				MARKETING_VERSION = 1.0;
				PRODUCT_BUNDLE_IDENTIFIER = com.taiga.ClimbingAppUITests;
				PRODUCT_NAME = "$(TARGET_NAME)";
				SWIFT_EMIT_LOC_STRINGS = NO;
				SWIFT_VERSION = 5.0;
				TARGETED_DEVICE_FAMILY = "1,2";
				TEST_TARGET_NAME = ClimbingApp;
			};
			name = Staging;
		};
		30F8197E2805ADA70043215D /* Debug */ = {
			isa = XCBuildConfiguration;
			buildSettings = {
				ALWAYS_SEARCH_USER_PATHS = NO;
				CLANG_ANALYZER_NONNULL = YES;
				CLANG_ANALYZER_NUMBER_OBJECT_CONVERSION = YES_AGGRESSIVE;
				CLANG_CXX_LANGUAGE_STANDARD = "gnu++17";
				CLANG_CXX_LIBRARY = "libc++";
				CLANG_ENABLE_MODULES = YES;
				CLANG_ENABLE_OBJC_ARC = YES;
				CLANG_ENABLE_OBJC_WEAK = YES;
				CLANG_WARN_BLOCK_CAPTURE_AUTORELEASING = YES;
				CLANG_WARN_BOOL_CONVERSION = YES;
				CLANG_WARN_COMMA = YES;
				CLANG_WARN_CONSTANT_CONVERSION = YES;
				CLANG_WARN_DEPRECATED_OBJC_IMPLEMENTATIONS = YES;
				CLANG_WARN_DIRECT_OBJC_ISA_USAGE = YES_ERROR;
				CLANG_WARN_DOCUMENTATION_COMMENTS = YES;
				CLANG_WARN_EMPTY_BODY = YES;
				CLANG_WARN_ENUM_CONVERSION = YES;
				CLANG_WARN_INFINITE_RECURSION = YES;
				CLANG_WARN_INT_CONVERSION = YES;
				CLANG_WARN_NON_LITERAL_NULL_CONVERSION = YES;
				CLANG_WARN_OBJC_IMPLICIT_RETAIN_SELF = YES;
				CLANG_WARN_OBJC_LITERAL_CONVERSION = YES;
				CLANG_WARN_OBJC_ROOT_CLASS = YES_ERROR;
				CLANG_WARN_QUOTED_INCLUDE_IN_FRAMEWORK_HEADER = YES;
				CLANG_WARN_RANGE_LOOP_ANALYSIS = YES;
				CLANG_WARN_STRICT_PROTOTYPES = YES;
				CLANG_WARN_SUSPICIOUS_MOVE = YES;
				CLANG_WARN_UNGUARDED_AVAILABILITY = YES_AGGRESSIVE;
				CLANG_WARN_UNREACHABLE_CODE = YES;
				CLANG_WARN__DUPLICATE_METHOD_MATCH = YES;
				COPY_PHASE_STRIP = NO;
				DEBUG_INFORMATION_FORMAT = dwarf;
				ENABLE_STRICT_OBJC_MSGSEND = YES;
				ENABLE_TESTABILITY = YES;
				GCC_C_LANGUAGE_STANDARD = gnu11;
				GCC_DYNAMIC_NO_PIC = NO;
				GCC_NO_COMMON_BLOCKS = YES;
				GCC_OPTIMIZATION_LEVEL = 0;
				GCC_PREPROCESSOR_DEFINITIONS = (
					"DEBUG=1",
					"$(inherited)",
				);
				GCC_WARN_64_TO_32_BIT_CONVERSION = YES;
				GCC_WARN_ABOUT_RETURN_TYPE = YES_ERROR;
				GCC_WARN_UNDECLARED_SELECTOR = YES;
				GCC_WARN_UNINITIALIZED_AUTOS = YES_AGGRESSIVE;
				GCC_WARN_UNUSED_FUNCTION = YES;
				GCC_WARN_UNUSED_VARIABLE = YES;
				IPHONEOS_DEPLOYMENT_TARGET = 15.0;
				MTL_ENABLE_DEBUG_INFO = INCLUDE_SOURCE;
				MTL_FAST_MATH = YES;
				ONLY_ACTIVE_ARCH = YES;
				SDKROOT = iphoneos;
				SWIFT_ACTIVE_COMPILATION_CONDITIONS = DEBUG;
				SWIFT_OPTIMIZATION_LEVEL = "-Onone";
			};
			name = Debug;
		};
		30F8197F2805ADA70043215D /* Release */ = {
			isa = XCBuildConfiguration;
			buildSettings = {
				ALWAYS_SEARCH_USER_PATHS = NO;
				CLANG_ANALYZER_NONNULL = YES;
				CLANG_ANALYZER_NUMBER_OBJECT_CONVERSION = YES_AGGRESSIVE;
				CLANG_CXX_LANGUAGE_STANDARD = "gnu++17";
				CLANG_CXX_LIBRARY = "libc++";
				CLANG_ENABLE_MODULES = YES;
				CLANG_ENABLE_OBJC_ARC = YES;
				CLANG_ENABLE_OBJC_WEAK = YES;
				CLANG_WARN_BLOCK_CAPTURE_AUTORELEASING = YES;
				CLANG_WARN_BOOL_CONVERSION = YES;
				CLANG_WARN_COMMA = YES;
				CLANG_WARN_CONSTANT_CONVERSION = YES;
				CLANG_WARN_DEPRECATED_OBJC_IMPLEMENTATIONS = YES;
				CLANG_WARN_DIRECT_OBJC_ISA_USAGE = YES_ERROR;
				CLANG_WARN_DOCUMENTATION_COMMENTS = YES;
				CLANG_WARN_EMPTY_BODY = YES;
				CLANG_WARN_ENUM_CONVERSION = YES;
				CLANG_WARN_INFINITE_RECURSION = YES;
				CLANG_WARN_INT_CONVERSION = YES;
				CLANG_WARN_NON_LITERAL_NULL_CONVERSION = YES;
				CLANG_WARN_OBJC_IMPLICIT_RETAIN_SELF = YES;
				CLANG_WARN_OBJC_LITERAL_CONVERSION = YES;
				CLANG_WARN_OBJC_ROOT_CLASS = YES_ERROR;
				CLANG_WARN_QUOTED_INCLUDE_IN_FRAMEWORK_HEADER = YES;
				CLANG_WARN_RANGE_LOOP_ANALYSIS = YES;
				CLANG_WARN_STRICT_PROTOTYPES = YES;
				CLANG_WARN_SUSPICIOUS_MOVE = YES;
				CLANG_WARN_UNGUARDED_AVAILABILITY = YES_AGGRESSIVE;
				CLANG_WARN_UNREACHABLE_CODE = YES;
				CLANG_WARN__DUPLICATE_METHOD_MATCH = YES;
				COPY_PHASE_STRIP = NO;
				DEBUG_INFORMATION_FORMAT = "dwarf-with-dsym";
				ENABLE_NS_ASSERTIONS = NO;
				ENABLE_STRICT_OBJC_MSGSEND = YES;
				GCC_C_LANGUAGE_STANDARD = gnu11;
				GCC_NO_COMMON_BLOCKS = YES;
				GCC_WARN_64_TO_32_BIT_CONVERSION = YES;
				GCC_WARN_ABOUT_RETURN_TYPE = YES_ERROR;
				GCC_WARN_UNDECLARED_SELECTOR = YES;
				GCC_WARN_UNINITIALIZED_AUTOS = YES_AGGRESSIVE;
				GCC_WARN_UNUSED_FUNCTION = YES;
				GCC_WARN_UNUSED_VARIABLE = YES;
				IPHONEOS_DEPLOYMENT_TARGET = 15.0;
				MTL_ENABLE_DEBUG_INFO = NO;
				MTL_FAST_MATH = YES;
				SDKROOT = iphoneos;
				SWIFT_COMPILATION_MODE = wholemodule;
				SWIFT_OPTIMIZATION_LEVEL = "-O";
				VALIDATE_PRODUCT = YES;
			};
			name = Release;
		};
		30F819812805ADA70043215D /* Debug */ = {
			isa = XCBuildConfiguration;
			baseConfigurationReference = 2CE375AAE67BD84C760E0B16 /* Pods-ClimbingApp.debug.xcconfig */;
			buildSettings = {
				ASSETCATALOG_COMPILER_APPICON_NAME = AppIcon;
				ASSETCATALOG_COMPILER_GLOBAL_ACCENT_COLOR_NAME = AccentColor;
				CODE_SIGN_STYLE = Automatic;
				CURRENT_PROJECT_VERSION = 1;
				DEVELOPMENT_TEAM = R35W7Z22BV;
				GENERATE_INFOPLIST_FILE = YES;
				INFOPLIST_FILE = ClimbingApp/Info.plist;
				INFOPLIST_KEY_UIApplicationSupportsIndirectInputEvents = YES;
				INFOPLIST_KEY_UILaunchStoryboardName = LaunchScreen;
				INFOPLIST_KEY_UIMainStoryboardFile = Main;
				INFOPLIST_KEY_UISupportedInterfaceOrientations_iPad = "UIInterfaceOrientationPortrait UIInterfaceOrientationPortraitUpsideDown UIInterfaceOrientationLandscapeLeft UIInterfaceOrientationLandscapeRight";
				INFOPLIST_KEY_UISupportedInterfaceOrientations_iPhone = "UIInterfaceOrientationPortrait UIInterfaceOrientationLandscapeLeft UIInterfaceOrientationLandscapeRight";
				LD_RUNPATH_SEARCH_PATHS = (
					"$(inherited)",
					"@executable_path/Frameworks",
				);
				MARKETING_VERSION = 1.0;
				PRODUCT_BUNDLE_IDENTIFIER = com.taiga.ClimbingApp;
				PRODUCT_NAME = "$(TARGET_NAME)";
				SWIFT_EMIT_LOC_STRINGS = YES;
				SWIFT_VERSION = 5.0;
				TARGETED_DEVICE_FAMILY = "1,2";
			};
			name = Debug;
		};
		30F819822805ADA70043215D /* Release */ = {
			isa = XCBuildConfiguration;
			baseConfigurationReference = F48BC29EF8653A6A0279CFD7 /* Pods-ClimbingApp.release.xcconfig */;
			buildSettings = {
				ASSETCATALOG_COMPILER_APPICON_NAME = AppIcon;
				ASSETCATALOG_COMPILER_GLOBAL_ACCENT_COLOR_NAME = AccentColor;
				CODE_SIGN_STYLE = Automatic;
				CURRENT_PROJECT_VERSION = 1;
				DEVELOPMENT_TEAM = R35W7Z22BV;
				GENERATE_INFOPLIST_FILE = YES;
				INFOPLIST_FILE = ClimbingApp/Info.plist;
				INFOPLIST_KEY_UIApplicationSupportsIndirectInputEvents = YES;
				INFOPLIST_KEY_UILaunchStoryboardName = LaunchScreen;
				INFOPLIST_KEY_UIMainStoryboardFile = Main;
				INFOPLIST_KEY_UISupportedInterfaceOrientations_iPad = "UIInterfaceOrientationPortrait UIInterfaceOrientationPortraitUpsideDown UIInterfaceOrientationLandscapeLeft UIInterfaceOrientationLandscapeRight";
				INFOPLIST_KEY_UISupportedInterfaceOrientations_iPhone = "UIInterfaceOrientationPortrait UIInterfaceOrientationLandscapeLeft UIInterfaceOrientationLandscapeRight";
				LD_RUNPATH_SEARCH_PATHS = (
					"$(inherited)",
					"@executable_path/Frameworks",
				);
				MARKETING_VERSION = 1.0;
				PRODUCT_BUNDLE_IDENTIFIER = com.taiga.ClimbingApp;
				PRODUCT_NAME = "$(TARGET_NAME)";
				SWIFT_EMIT_LOC_STRINGS = YES;
				SWIFT_VERSION = 5.0;
				TARGETED_DEVICE_FAMILY = "1,2";
			};
			name = Release;
		};
		30F819842805ADA70043215D /* Debug */ = {
			isa = XCBuildConfiguration;
			baseConfigurationReference = B95D2DC1EA9B19EB5ED372DD /* Pods-ClimbingAppTests.debug.xcconfig */;
			buildSettings = {
				ALWAYS_EMBED_SWIFT_STANDARD_LIBRARIES = YES;
				BUNDLE_LOADER = "$(TEST_HOST)";
				CODE_SIGN_STYLE = Automatic;
				CURRENT_PROJECT_VERSION = 1;
				DEVELOPMENT_TEAM = R35W7Z22BV;
				GENERATE_INFOPLIST_FILE = YES;
				IPHONEOS_DEPLOYMENT_TARGET = 15.0;
				LD_RUNPATH_SEARCH_PATHS = (
					"$(inherited)",
					"@executable_path/Frameworks",
					"@loader_path/Frameworks",
				);
				MARKETING_VERSION = 1.0;
				PRODUCT_BUNDLE_IDENTIFIER = com.taiga.ClimbingAppTests;
				PRODUCT_NAME = "$(TARGET_NAME)";
				SWIFT_EMIT_LOC_STRINGS = NO;
				SWIFT_VERSION = 5.0;
				TARGETED_DEVICE_FAMILY = "1,2";
				TEST_HOST = "$(BUILT_PRODUCTS_DIR)/ClimbingApp.app/ClimbingApp";
			};
			name = Debug;
		};
		30F819852805ADA70043215D /* Release */ = {
			isa = XCBuildConfiguration;
			baseConfigurationReference = 2D354DB499BE56C75DA7DE69 /* Pods-ClimbingAppTests.release.xcconfig */;
			buildSettings = {
				ALWAYS_EMBED_SWIFT_STANDARD_LIBRARIES = YES;
				BUNDLE_LOADER = "$(TEST_HOST)";
				CODE_SIGN_STYLE = Automatic;
				CURRENT_PROJECT_VERSION = 1;
				DEVELOPMENT_TEAM = R35W7Z22BV;
				GENERATE_INFOPLIST_FILE = YES;
				IPHONEOS_DEPLOYMENT_TARGET = 15.0;
				LD_RUNPATH_SEARCH_PATHS = (
					"$(inherited)",
					"@executable_path/Frameworks",
					"@loader_path/Frameworks",
				);
				MARKETING_VERSION = 1.0;
				PRODUCT_BUNDLE_IDENTIFIER = com.taiga.ClimbingAppTests;
				PRODUCT_NAME = "$(TARGET_NAME)";
				SWIFT_EMIT_LOC_STRINGS = NO;
				SWIFT_VERSION = 5.0;
				TARGETED_DEVICE_FAMILY = "1,2";
				TEST_HOST = "$(BUILT_PRODUCTS_DIR)/ClimbingApp.app/ClimbingApp";
			};
			name = Release;
		};
		30F819872805ADA70043215D /* Debug */ = {
			isa = XCBuildConfiguration;
			baseConfigurationReference = 35AFB2EC31E1365C6DDA4DBD /* Pods-ClimbingApp-ClimbingAppUITests.debug.xcconfig */;
			buildSettings = {
				ALWAYS_EMBED_SWIFT_STANDARD_LIBRARIES = YES;
				CODE_SIGN_STYLE = Automatic;
				CURRENT_PROJECT_VERSION = 1;
				DEVELOPMENT_TEAM = R35W7Z22BV;
				GENERATE_INFOPLIST_FILE = YES;
				LD_RUNPATH_SEARCH_PATHS = (
					"$(inherited)",
					"@executable_path/Frameworks",
					"@loader_path/Frameworks",
				);
				MARKETING_VERSION = 1.0;
				PRODUCT_BUNDLE_IDENTIFIER = com.taiga.ClimbingAppUITests;
				PRODUCT_NAME = "$(TARGET_NAME)";
				SWIFT_EMIT_LOC_STRINGS = NO;
				SWIFT_VERSION = 5.0;
				TARGETED_DEVICE_FAMILY = "1,2";
				TEST_TARGET_NAME = ClimbingApp;
			};
			name = Debug;
		};
		30F819882805ADA70043215D /* Release */ = {
			isa = XCBuildConfiguration;
			baseConfigurationReference = BAECBD271A62DE9E530B0206 /* Pods-ClimbingApp-ClimbingAppUITests.release.xcconfig */;
			buildSettings = {
				ALWAYS_EMBED_SWIFT_STANDARD_LIBRARIES = YES;
				CODE_SIGN_STYLE = Automatic;
				CURRENT_PROJECT_VERSION = 1;
				DEVELOPMENT_TEAM = R35W7Z22BV;
				GENERATE_INFOPLIST_FILE = YES;
				LD_RUNPATH_SEARCH_PATHS = (
					"$(inherited)",
					"@executable_path/Frameworks",
					"@loader_path/Frameworks",
				);
				MARKETING_VERSION = 1.0;
				PRODUCT_BUNDLE_IDENTIFIER = com.taiga.ClimbingAppUITests;
				PRODUCT_NAME = "$(TARGET_NAME)";
				SWIFT_EMIT_LOC_STRINGS = NO;
				SWIFT_VERSION = 5.0;
				TARGETED_DEVICE_FAMILY = "1,2";
				TEST_TARGET_NAME = ClimbingApp;
			};
			name = Release;
		};
/* End XCBuildConfiguration section */

/* Begin XCConfigurationList section */
		30F819512805ADA60043215D /* Build configuration list for PBXProject "ClimbingApp" */ = {
			isa = XCConfigurationList;
			buildConfigurations = (
				30F8197E2805ADA70043215D /* Debug */,
				3043E88A282156E50003AD65 /* Staging */,
				30F8197F2805ADA70043215D /* Release */,
			);
			defaultConfigurationIsVisible = 0;
			defaultConfigurationName = Release;
		};
		30F819802805ADA70043215D /* Build configuration list for PBXNativeTarget "ClimbingApp" */ = {
			isa = XCConfigurationList;
			buildConfigurations = (
				30F819812805ADA70043215D /* Debug */,
				3043E88B282156E50003AD65 /* Staging */,
				30F819822805ADA70043215D /* Release */,
			);
			defaultConfigurationIsVisible = 0;
			defaultConfigurationName = Release;
		};
		30F819832805ADA70043215D /* Build configuration list for PBXNativeTarget "ClimbingAppTests" */ = {
			isa = XCConfigurationList;
			buildConfigurations = (
				30F819842805ADA70043215D /* Debug */,
				3043E88C282156E50003AD65 /* Staging */,
				30F819852805ADA70043215D /* Release */,
			);
			defaultConfigurationIsVisible = 0;
			defaultConfigurationName = Release;
		};
		30F819862805ADA70043215D /* Build configuration list for PBXNativeTarget "ClimbingAppUITests" */ = {
			isa = XCConfigurationList;
			buildConfigurations = (
				30F819872805ADA70043215D /* Debug */,
				3043E88D282156E50003AD65 /* Staging */,
				30F819882805ADA70043215D /* Release */,
			);
			defaultConfigurationIsVisible = 0;
			defaultConfigurationName = Release;
		};
/* End XCConfigurationList section */
	};
	rootObject = 30F8194E2805ADA60043215D /* Project object */;
}
